<?xml version="1.0" encoding="utf-8"?>
<Project ToolsVersion="4.0" xmlns="http://schemas.microsoft.com/developer/msbuild/2003">
  <ItemGroup>
    <Filter Include="源文件">
      <UniqueIdentifier>{4FC737F1-C7A5-4376-A066-2A32D752A2FF}</UniqueIdentifier>
      <Extensions>cpp;c;cc;cxx;def;odl;idl;hpj;bat;asm;asmx</Extensions>
    </Filter>
    <Filter Include="头文件">
      <UniqueIdentifier>{93995380-89BD-4b04-88EB-625FBE52EBFB}</UniqueIdentifier>
      <Extensions>h;hpp;hxx;hm;inl;inc;xsd</Extensions>
    </Filter>
    <Filter Include="资源文件">
      <UniqueIdentifier>{67DA6AB6-F800-4c08-8B7A-83BB121AAD01}</UniqueIdentifier>
      <Extensions>rc;ico;cur;bmp;dlg;rc2;rct;bin;rgs;gif;jpg;jpeg;jpe;resx;tiff;tif;png;wav;mfcribbon-ms</Extensions>
    </Filter>
  </ItemGroup>
  <ItemGroup>
    <None Include="ReadMe.txt" />
    <None Include="res\HSAGRAccessTest.rc2">
      <Filter>资源文件</Filter>
    </None>
    <None Include="res\HSAGRAccessTest.ico">
      <Filter>资源文件</Filter>
    </None>
  </ItemGroup>
  <ItemGroup>
    <ClInclude Include="HSAGRAccessTest.h">
      <Filter>头文件</Filter>
    </ClInclude>
    <ClInclude Include="HSAGRAccessTestDlg.h">
      <Filter>头文件</Filter>
    </ClInclude>
    <ClInclude Include="stdafx.h">
      <Filter>头文件</Filter>
    </ClInclude>
    <ClInclude Include="targetver.h">
      <Filter>头文件</Filter>
    </ClInclude>
    <ClInclude Include="Resource.h">
      <Filter>头文件</Filter>
    </ClInclude>
    <ClInclude Include="PreviewDlg.h">
      <Filter>头文件</Filter>
    </ClInclude>
    <ClInclude Include="LogDlg.h">
      <Filter>头文件</Filter>
    </ClInclude>
    <ClInclude Include="ConfigureDlg.h">
      <Filter>头文件</Filter>
    </ClInclude>
    <ClInclude Include="MotionDlg.h">
      <Filter>头文件</Filter>
    </ClInclude>
    <ClInclude Include="PrivacyDlg.h">
      <Filter>头文件</Filter>
    </ClInclude>
    <ClInclude Include="ImageParamDlg.h">
      <Filter>头文件</Filter>
    </ClInclude>
    <ClInclude Include="EncodeParamDlg.h">
      <Filter>头文件</Filter>
    </ClInclude>
    <ClInclude Include="NetworkDlg.h">
      <Filter>头文件</Filter>
    </ClInclude>
    <ClInclude Include="ServiceParamDlg.h">
      <Filter>头文件</Filter>
    </ClInclude>
    <ClInclude Include="SystemParmDlg.h">
      <Filter>头文件</Filter>
    </ClInclude>
    <ClInclude Include="TimeParamDlg.h">
      <Filter>头文件</Filter>
    </ClInclude>
    <ClInclude Include="UserParamDlg.h">
      <Filter>头文件</Filter>
    </ClInclude>
    <ClInclude Include="StreamParamDlg.h">
      <Filter>头文件</Filter>
    </ClInclude>
  </ItemGroup>
  <ItemGroup>
    <ClCompile Include="HSAGRAccessTest.cpp">
      <Filter>源文件</Filter>
    </ClCompile>
    <ClCompile Include="HSAGRAccessTestDlg.cpp">
      <Filter>源文件</Filter>
    </ClCompile>
    <ClCompile Include="stdafx.cpp">
      <Filter>源文件</Filter>
    </ClCompile>
    <ClCompile Include="PreviewDlg.cpp">
      <Filter>源文件</Filter>
    </ClCompile>
    <ClCompile Include="LogDlg.cpp">
      <Filter>源文件</Filter>
    </ClCompile>
    <ClCompile Include="ConfigureDlg.cpp">
      <Filter>源文件</Filter>
    </ClCompile>
    <ClCompile Include="MotionDlg.cpp">
      <Filter>源文件</Filter>
    </ClCompile>
    <ClCompile Include="PrivacyDlg.cpp">
      <Filter>源文件</Filter>
    </ClCompile>
    <ClCompile Include="ImageParamDlg.cpp">
      <Filter>源文件</Filter>
    </ClCompile>
    <ClCompile Include="EncodeParamDlg.cpp">
      <Filter>源文件</Filter>
    </ClCompile>
    <ClCompile Include="NetworkDlg.cpp">
      <Filter>源文件</Filter>
    </ClCompile>
    <ClCompile Include="ServiceParamDlg.cpp">
      <Filter>源文件</Filter>
    </ClCompile>
    <ClCompile Include="SystemParmDlg.cpp">
      <Filter>源文件</Filter>
    </ClCompile>
    <ClCompile Include="TimeParamDlg.cpp">
      <Filter>源文件</Filter>
    </ClCompile>
    <ClCompile Include="UserParamDlg.cpp">
      <Filter>源文件</Filter>
    </ClCompile>
    <ClCompile Include="StreamParamDlg.cpp">
      <Filter>源文件</Filter>
    </ClCompile>
  </ItemGroup>
  <ItemGroup>
    <ResourceCompile Include="HSAGRAccessTest.rc">
      <Filter>资源文件</Filter>
    </ResourceCompile>
  </ItemGroup>
</Project>